
Microsoft Visual Studio Solution File, Format Version 12.00
# Visual Studio Version 16
VisualStudioVersion = 16.0.31729.503
MinimumVisualStudioVersion = 10.0.40219.1
Project("{8BC9CEB8-8B4A-11D0-8D11-00A0C91BC942}") = "man", "man.vcxproj", "{8AA0721C-D04D-492B-B0FF-8F0862839D95}"
EndProject
Global
	GlobalSection(SolutionConfigurationPlatforms) = preSolution
		Debug|x64 = Debug|x64
		Debug|x86 = Debug|x86
		Release|x64 = Release|x64
		Release|x86 = Release|x86
	EndGlobalSection
	GlobalSection(ProjectConfigurationPlatforms) = postSolution
		{8AA0721C-D04D-492B-B0FF-8F0862839D95}.Debug|x64.ActiveCfg = Debug|x64
		{8AA0721C-D04D-492B-B0FF-8F0862839D95}.Debug|x64.Build.0 = Debug|x64
		{8AA0721C-D04D-492B-B0FF-8F0862839D95}.Debug|x86.ActiveCfg = Debug|Win32
		{8AA0721C-D04D-492B-B0FF-8F0862839D95}.Debug|x86.Build.0 = Debug|Win32
		{8AA0721C-D04D-492B-B0FF-8F0862839D95}.Release|x64.ActiveCfg = Release|x64
		{8AA0721C-D04D-492B-B0FF-8F0862839D95}.Release|x64.Build.0 = Release|x64
		{8AA0721C-D04D-492B-B0FF-8F0862839D95}.Release|x86.ActiveCfg = Release|Win32
		{8AA0721C-D04D-492B-B0FF-8F0862839D95}.Release|x86.Build.0 = Release|Win32
	EndGlobalSection
	GlobalSection(SolutionProperties) = preSolution
		HideSolutionNode = FALSE
	EndGlobalSection
	GlobalSection(ExtensibilityGlobals) = postSolution
		SolutionGuid = {81863FAE-D2E4-44DF-87EB-8C218BEC4570}
	EndGlobalSection
EndGlobal
